github.com/gen2brain/malgo v0.11.21 h1:qsS4Dh6zhZgmvAW5CtKRxDjQzHbc2NJlBG9eE0tgS8w=
github.com/gen2brain/malgo v0.11.21/go.mod h1:f9TtuN7DVrXMiV/yIceMeWpvanyVzJQMlBecJFVMxww=
github.com/gorilla/websocket v1.5.1 h1:gmztn0JnHVt9JZquRuzLw3g4wouNVzKL15iLr/zn/QY=
github.com/gorilla/websocket v1.5.1/go.mod h1:x3kM2JMyaluk02fnUJpQuwD2dCS5NDG2ZHL0uE0tcaY=
github.com/gorilla/websocket v1.5.2-0.20240215025916-695e9095ce87 h1:QqhSJFM9Oh79IA9jnkl7Oy3W394NYQrd+XSHsgPlLDQ=
github.com/gorilla/websocket v1.5.2-0.20240215025916-695e9095ce87/go.mod h1:x3kM2JMyaluk02fnUJpQuwD2dCS5NDG2ZHL0uE0tcaY=
golang.org/x/net v0.17.0 h1:pVaXccu2ozPjCXewfr1S7xza/zcXTity9cCdXQYSjIM=
golang.org/x/net v0.17.0/go.mod h1:NxSsAGuq816PNPmqtQdLE42eU2Fs7NoRIZrHJAlaCOE=
